PODS:
  - NVPictureInPicture (0.3.0)

DEPENDENCIES:
  - NVPictureInPicture (from `../`)

EXTERNAL SOURCES:
  NVPictureInPicture:
    :path: ../

SPEC CHECKSUMS:
  NVPictureInPicture: afcacd6b0b6205f1142a76d606cfebacce2dd5f1

PODFILE CHECKSUM: 682ec50bd104b727b8b28f46269a977e33566c8f

COCOAPODS: 1.4.0
