PODS:
  - NVPictureInPicture (0.1.2)

DEPENDENCIES:
  - NVPictureInPicture (from `../`)

EXTERNAL SOURCES:
  NVPictureInPicture:
    :path: ../

SPEC CHECKSUMS:
  NVPictureInPicture: 27a1599f5128f20a4c88f7e66953dc4608a4fadf

PODFILE CHECKSUM: 682ec50bd104b727b8b28f46269a977e33566c8f

COCOAPODS: 1.4.0
