PODS:
  - NVPictureInPicture (1.0.0)

DEPENDENCIES:
  - NVPictureInPicture (from `../`)

EXTERNAL SOURCES:
  NVPictureInPicture:
    :path: ../

SPEC CHECKSUMS:
  NVPictureInPicture: e6e126c236efa54bf8795a3afda56e7c5bdbcf62

PODFILE CHECKSUM: 682ec50bd104b727b8b28f46269a977e33566c8f

COCOAPODS: 1.4.0
